
Microsoft Visual Studio Solution File, Format Version 12.00
# Visual Studio 15
VisualStudioVersion = 15.0.28307.271
MinimumVisualStudioVersion = 10.0.40219.1
Project("{FAE04EC0-301F-11D3-BF4B-00C04F79EFBC}") = "GuessingGame", "GuessingGame\GuessingGame.csproj", "{A9899537-80D9-4075-A247-B082FBDE57BC}"
EndProject
Global
	GlobalSection(SolutionConfigurationPlatforms) = preSolution
		Debug|Any CPU = Debug|Any CPU
		Release|Any CPU = Release|Any CPU
	EndGlobalSection
	GlobalSection(ProjectConfigurationPlatforms) = postSolution
		{A9899537-80D9-4075-A247-B082FBDE57BC}.Debug|Any CPU.ActiveCfg = Debug|Any CPU
		{A9899537-80D9-4075-A247-B082FBDE57BC}.Debug|Any CPU.Build.0 = Debug|Any CPU
		{A9899537-80D9-4075-A247-B082FBDE57BC}.Release|Any CPU.ActiveCfg = Release|Any CPU
		{A9899537-80D9-4075-A247-B082FBDE57BC}.Release|Any CPU.Build.0 = Release|Any CPU
	EndGlobalSection
	GlobalSection(SolutionProperties) = preSolution
		HideSolutionNode = FALSE
	EndGlobalSection
	GlobalSection(ExtensibilityGlobals) = postSolution
		SolutionGuid = {86403BF1-F5D8-4A9C-BC07-9FA7E7F60CCF}
	EndGlobalSection
EndGlobal
